
Microsoft Visual Studio Solution File, Format Version 12.00
# Visual Studio 14
VisualStudioVersion = 14.0.24720.0
MinimumVisualStudioVersion = 10.0.40219.1
Project("{FAE04EC0-301F-11D3-BF4B-00C04F79EFBC}") = "DataAnalyser", "DataAnalyser\DataAnalyser.csproj", "{B4738037-51F0-4C7D-9377-5DADCCCC5776}"
EndProject
Project("{FAE04EC0-301F-11D3-BF4B-00C04F79EFBC}") = "FordPCMEditor", "..\..\..\Cracking\vcmhacking\VCMHelper\FordPCMEditor\FordPCMEditor.csproj", "{12EDCFEB-516B-4768-B46F-CEC6421A06EF}"
EndProject
Global
	GlobalSection(SolutionConfigurationPlatforms) = preSolution
		Debug|Any CPU = Debug|Any CPU
		Release|Any CPU = Release|Any CPU
	EndGlobalSection
	GlobalSection(ProjectConfigurationPlatforms) = postSolution
		{B4738037-51F0-4C7D-9377-5DADCCCC5776}.Debug|Any CPU.ActiveCfg = Debug|Any CPU
		{B4738037-51F0-4C7D-9377-5DADCCCC5776}.Debug|Any CPU.Build.0 = Debug|Any CPU
		{B4738037-51F0-4C7D-9377-5DADCCCC5776}.Release|Any CPU.ActiveCfg = Release|Any CPU
		{B4738037-51F0-4C7D-9377-5DADCCCC5776}.Release|Any CPU.Build.0 = Release|Any CPU
		{12EDCFEB-516B-4768-B46F-CEC6421A06EF}.Debug|Any CPU.ActiveCfg = Debug|Any CPU
		{12EDCFEB-516B-4768-B46F-CEC6421A06EF}.Debug|Any CPU.Build.0 = Debug|Any CPU
		{12EDCFEB-516B-4768-B46F-CEC6421A06EF}.Release|Any CPU.ActiveCfg = Release|Any CPU
		{12EDCFEB-516B-4768-B46F-CEC6421A06EF}.Release|Any CPU.Build.0 = Release|Any CPU
	EndGlobalSection
	GlobalSection(SolutionProperties) = preSolution
		HideSolutionNode = FALSE
	EndGlobalSection
EndGlobal
